// !$*UTF8*$!
{
	archiveVersion = 1;
	classes = {
	};
	objectVersion = 46;
	objects = {

/* Begin PBXBuildFile section */
		93AD11BB1C9441FF009B4EFE /* AppDelegate.swift in Sources */ = {isa = PBXBuildFile; fileRef = 93AD11BA1C9441FF009B4EFE /* AppDelegate.swift */; };
		93AD11BD1C9441FF009B4EFE /* ViewController.swift in Sources */ = {isa = PBXBuildFile; fileRef = 93AD11BC1C9441FF009B4EFE /* ViewController.swift */; };
		93AD11C01C9441FF009B4EFE /* Main.storyboard in Resources */ = {isa = PBXBuildFile; fileRef = 93AD11BE1C9441FF009B4EFE /* Main.storyboard */; };
		93AD11C21C9441FF009B4EFE /* Assets.xcassets in Resources */ = {isa = PBXBuildFile; fileRef = 93AD11C11C9441FF009B4EFE /* Assets.xcassets */; };
		93AD11C51C9441FF009B4EFE /* LaunchScreen.storyboard in Resources */ = {isa = PBXBuildFile; fileRef = 93AD11C31C9441FF009B4EFE /* LaunchScreen.storyboard */; };
		93AD11D01C944200009B4EFE /* FoodTrackerTests.swift in Sources */ = {isa = PBXBuildFile; fileRef = 93AD11CF1C944200009B4EFE /* FoodTrackerTests.swift */; };
		93AD11DB1C945B34009B4EFE /* RatingControl.swift in Sources */ = {isa = PBXBuildFile; fileRef = 93AD11DA1C945B34009B4EFE /* RatingControl.swift */; };
/* End PBXBuildFile section */

/* Begin PBXContainerItemProxy section */
		93AD11CC1C944200009B4EFE /* PBXContainerItemProxy */ = {
			isa = PBXContainerItemProxy;
			containerPortal = 93AD11AF1C9441FF009B4EFE /* Project object */;
			proxyType = 1;
			remoteGlobalIDString = 93AD11B61C9441FF009B4EFE;
			remoteInfo = FoodTracker;
		};
/* End PBXContainerItemProxy section */

/* Begin PBXFileReference section */
		93AD11B71C9441FF009B4EFE /* FoodTracker.app */ = {isa = PBXFileReference; explicitFileType = wrapper.application; includeInIndex = 0; path = FoodTracker.app; sourceTree = BUILT_PRODUCTS_DIR; };
		93AD11BA1C9441FF009B4EFE /* AppDelegate.swift */ = {isa = PBXFileReference; lastKnownFileType = sourcecode.swift; path = AppDelegate.swift; sourceTree = "<group>"; };
		93AD11BC1C9441FF009B4EFE /* ViewController.swift */ = {isa = PBXFileReference; lastKnownFileType = sourcecode.swift; path = ViewController.swift; sourceTree = "<group>"; };
		93AD11BF1C9441FF009B4EFE /* Base */ = {isa = PBXFileReference; lastKnownFileType = file.storyboard; name = Base; path = Base.lproj/Main.storyboard; sourceTree = "<group>"; };
		93AD11C11C9441FF009B4EFE /* Assets.xcassets */ = {isa = PBXFileReference; lastKnownFileType = folder.assetcatalog; path = Assets.xcassets; sourceTree = "<group>"; };
		93AD11C41C9441FF009B4EFE /* Base */ = {isa = PBXFileReference; lastKnownFileType = file.storyboard; name = Base; path = Base.lproj/LaunchScreen.storyboard; sourceTree = "<group>"; };
		93AD11C61C9441FF009B4EFE /* Info.plist */ = {isa = PBXFileReference; lastKnownFileType = text.plist.xml; path = Info.plist; sourceTree = "<group>"; };
		93AD11CB1C944200009B4EFE /* FoodTrackerTests.xctest */ = {isa = PBXFileReference; explicitFileType = wrapper.cfbundle; includeInIndex = 0; path = FoodTrackerTests.xctest; sourceTree = BUILT_PRODUCTS_DIR; };
		93AD11CF1C944200009B4EFE /* FoodTrackerTests.swift */ = {isa = PBXFileReference; lastKnownFileType = sourcecode.swift; path = FoodTrackerTests.swift; sourceTree = "<group>"; };
		93AD11D11C944200009B4EFE /* Info.plist */ = {isa = PBXFileReference; lastKnownFileType = text.plist.xml; path = Info.plist; sourceTree = "<group>"; };
		93AD11DA1C945B34009B4EFE /* RatingControl.swift */ = {isa = PBXFileReference; fileEncoding = 4; lastKnownFileType = sourcecode.swift; path = RatingControl.swift; sourceTree = "<group>"; };
/* End PBXFileReference section */

/* Begin PBXFrameworksBuildPhase section */
		93AD11B41C9441FF009B4EFE /* Frameworks */ = {
			isa = PBXFrameworksBuildPhase;
			buildActionMask = 2147483647;
			files = (
			);
			runOnlyForDeploymentPostprocessing = 0;
		};
		93AD11C81C944200009B4EFE /* Frameworks */ = {
			isa = PBXFrameworksBuildPhase;
			buildActionMask = 2147483647;
			files = (
			);
			runOnlyForDeploymentPostprocessing = 0;
		};
/* End PBXFrameworksBuildPhase section */

/* Begin PBXGroup section */
		93AD11AE1C9441FF009B4EFE = {
			isa = PBXGroup;
			children = (
				93AD11B91C9441FF009B4EFE /* FoodTracker */,
				93AD11CE1C944200009B4EFE /* FoodTrackerTests */,
				93AD11B81C9441FF009B4EFE /* Products */,
			);
			sourceTree = "<group>";
		};
		93AD11B81C9441FF009B4EFE /* Products */ = {
			isa = PBXGroup;
			children = (
				93AD11B71C9441FF009B4EFE /* FoodTracker.app */,
				93AD11CB1C944200009B4EFE /* FoodTrackerTests.xctest */,
			);
			name = Products;
			sourceTree = "<group>";
		};
		93AD11B91C9441FF009B4EFE /* FoodTracker */ = {
			isa = PBXGroup;
			children = (
				93AD11BA1C9441FF009B4EFE /* AppDelegate.swift */,
				93AD11BC1C9441FF009B4EFE /* ViewController.swift */,
				93AD11BE1C9441FF009B4EFE /* Main.storyboard */,
				93AD11DA1C945B34009B4EFE /* RatingControl.swift */,
				93AD11C11C9441FF009B4EFE /* Assets.xcassets */,
				93AD11C31C9441FF009B4EFE /* LaunchScreen.storyboard */,
				93AD11C61C9441FF009B4EFE /* Info.plist */,
			);
			path = FoodTracker;
			sourceTree = "<group>";
		};
		93AD11CE1C944200009B4EFE /* FoodTrackerTests */ = {
			isa = PBXGroup;
			children = (
				93AD11CF1C944200009B4EFE /* FoodTrackerTests.swift */,
				93AD11D11C944200009B4EFE /* Info.plist */,
			);
			path = FoodTrackerTests;
			sourceTree = "<group>";
		};
/* End PBXGroup section */

/* Begin PBXNativeTarget section */
		93AD11B61C9441FF009B4EFE /* FoodTracker */ = {
			isa = PBXNativeTarget;
			buildConfigurationList = 93AD11D41C944200009B4EFE /* Build configuration list for PBXNativeTarget "FoodTracker" */;
			buildPhases = (
				93AD11B31C9441FF009B4EFE /* Sources */,
				93AD11B41C9441FF009B4EFE /* Frameworks */,
				93AD11B51C9441FF009B4EFE /* Resources */,
			);
			buildRules = (
			);
			dependencies = (
			);
			name = FoodTracker;
			productName = FoodTracker;
			productReference = 93AD11B71C9441FF009B4EFE /* FoodTracker.app */;
			productType = "com.apple.product-type.application";
		};
		93AD11CA1C944200009B4EFE /* FoodTrackerTests */ = {
			isa = PBXNativeTarget;
			buildConfigurationList = 93AD11D71C944200009B4EFE /* Build configuration list for PBXNativeTarget "FoodTrackerTests" */;
			buildPhases = (
				93AD11C71C944200009B4EFE /* Sources */,
				93AD11C81C944200009B4EFE /* Frameworks */,
				93AD11C91C944200009B4EFE /* Resources */,
			);
			buildRules = (
			);
			dependencies = (
				93AD11CD1C944200009B4EFE /* PBXTargetDependency */,
			);
			name = FoodTrackerTests;
			productName = FoodTrackerTests;
			productReference = 93AD11CB1C944200009B4EFE /* FoodTrackerTests.xctest */;
			productType = "com.apple.product-type.bundle.unit-test";
		};
/* End PBXNativeTarget section */

/* Begin PBXProject section */
		93AD11AF1C9441FF009B4EFE /* Project object */ = {
			isa = PBXProject;
			attributes = {
				LastSwiftUpdateCheck = 0720;
				LastUpgradeCheck = 0720;
				ORGANIZATIONNAME = robotwholearned;
				TargetAttributes = {
					93AD11B61C9441FF009B4EFE = {
						CreatedOnToolsVersion = 7.2.1;
					};
					93AD11CA1C944200009B4EFE = {
						CreatedOnToolsVersion = 7.2.1;
						TestTargetID = 93AD11B61C9441FF009B4EFE;
					};
				};
			};
			buildConfigurationList = 93AD11B21C9441FF009B4EFE /* Build configuration list for PBXProject "FoodTracker" */;
			compatibilityVersion = "Xcode 3.2";
			developmentRegion = English;
			hasScannedForEncodings = 0;
			knownRegions = (
				en,
				Base,
			);
			mainGroup = 93AD11AE1C9441FF009B4EFE;
			productRefGroup = 93AD11B81C9441FF009B4EFE /* Products */;
			projectDirPath = "";
			projectRoot = "";
			targets = (
				93AD11B61C9441FF009B4EFE /* FoodTracker */,
				93AD11CA1C944200009B4EFE /* FoodTrackerTests */,
			);
		};
/* End PBXProject section */

/* Begin PBXResourcesBuildPhase section */
		93AD11B51C9441FF009B4EFE /* Resources */ = {
			isa = PBXResourcesBuildPhase;
			buildActionMask = 2147483647;
			files = (
				93AD11C51C9441FF009B4EFE /* LaunchScreen.storyboard in Resources */,
				93AD11C21C9441FF009B4EFE /* Assets.xcassets in Resources */,
				93AD11C01C9441FF009B4EFE /* Main.storyboard in Resources */,
			);
			runOnlyForDeploymentPostprocessing = 0;
		};
		93AD11C91C944200009B4EFE /* Resources */ = {
			isa = PBXResourcesBuildPhase;
			buildActionMask = 2147483647;
			files = (
			);
			runOnlyForDeploymentPostprocessing = 0;
		};
/* End PBXResourcesBuildPhase section */

/* Begin PBXSourcesBuildPhase section */
		93AD11B31C9441FF009B4EFE /* Sources */ = {
			isa = PBXSourcesBuildPhase;
			buildActionMask = 2147483647;
			files = (
				93AD11BD1C9441FF009B4EFE /* ViewController.swift in Sources */,
				93AD11DB1C945B34009B4EFE /* RatingControl.swift in Sources */,
				93AD11BB1C9441FF009B4EFE /* AppDelegate.swift in Sources */,
			);
			runOnlyForDeploymentPostprocessing = 0;
		};
		93AD11C71C944200009B4EFE /* Sources */ = {
			isa = PBXSourcesBuildPhase;
			buildActionMask = 2147483647;
			files = (
				93AD11D01C944200009B4EFE /* FoodTrackerTests.swift in Sources */,
			);
			runOnlyForDeploymentPostprocessing = 0;
		};
/* End PBXSourcesBuildPhase section */

/* Begin PBXTargetDependency section */
		93AD11CD1C944200009B4EFE /* PBXTargetDependency */ = {
			isa = PBXTargetDependency;
			target = 93AD11B61C9441FF009B4EFE /* FoodTracker */;
			targetProxy = 93AD11CC1C944200009B4EFE /* PBXContainerItemProxy */;
		};
/* End PBXTargetDependency section */

/* Begin PBXVariantGroup section */
		93AD11BE1C9441FF009B4EFE /* Main.storyboard */ = {
			isa = PBXVariantGroup;
			children = (
				93AD11BF1C9441FF009B4EFE /* Base */,
			);
			name = Main.storyboard;
			sourceTree = "<group>";
		};
		93AD11C31C9441FF009B4EFE /* LaunchScreen.storyboard */ = {
			isa = PBXVariantGroup;
			children = (
				93AD11C41C9441FF009B4EFE /* Base */,
			);
			name = LaunchScreen.storyboard;
			sourceTree = "<group>";
		};
/* End PBXVariantGroup section */

/* Begin XCBuildConfiguration section */
		93AD11D21C944200009B4EFE /* Debug */ = {
			isa = XCBuildConfiguration;
			buildSettings = {
				ALWAYS_SEARCH_USER_PATHS = NO;
				CLANG_CXX_LANGUAGE_STANDARD = "gnu++0x";
				CLANG_CXX_LIBRARY = "libc++";
				CLANG_ENABLE_MODULES = YES;
				CLANG_ENABLE_OBJC_ARC = YES;
				CLANG_WARN_BOOL_CONVERSION = YES;
				CLANG_WARN_CONSTANT_CONVERSION = YES;
				CLANG_WARN_DIRECT_OBJC_ISA_USAGE = YES_ERROR;
				CLANG_WARN_EMPTY_BODY = YES;
				CLANG_WARN_ENUM_CONVERSION = YES;
				CLANG_WARN_INT_CONVERSION = YES;
				CLANG_WARN_OBJC_ROOT_CLASS = YES_ERROR;
				CLANG_WARN_UNREACHABLE_CODE = YES;
				CLANG_WARN__DUPLICATE_METHOD_MATCH = YES;
				"CODE_SIGN_IDENTITY[sdk=iphoneos*]" = "iPhone Developer";
				COPY_PHASE_STRIP = NO;
				DEBUG_INFORMATION_FORMAT = dwarf;
				ENABLE_STRICT_OBJC_MSGSEND = YES;
				ENABLE_TESTABILITY = YES;
				GCC_C_LANGUAGE_STANDARD = gnu99;
				GCC_DYNAMIC_NO_PIC = NO;
				GCC_NO_COMMON_BLOCKS = YES;
				GCC_OPTIMIZATION_LEVEL = 0;
				GCC_PREPROCESSOR_DEFINITIONS = (
					"DEBUG=1",
					"$(inherited)",
				);
				GCC_WARN_64_TO_32_BIT_CONVERSION = YES;
				GCC_WARN_ABOUT_RETURN_TYPE = YES_ERROR;
				GCC_WARN_UNDECLARED_SELECTOR = YES;
				GCC_WARN_UNINITIALIZED_AUTOS = YES_AGGRESSIVE;
				GCC_WARN_UNUSED_FUNCTION = YES;
				GCC_WARN_UNUSED_VARIABLE = YES;
				IPHONEOS_DEPLOYMENT_TARGET = 9.2;
				MTL_ENABLE_DEBUG_INFO = YES;
				ONLY_ACTIVE_ARCH = YES;
				SDKROOT = iphoneos;
				SWIFT_OPTIMIZATION_LEVEL = "-Onone";
				TARGETED_DEVICE_FAMILY = "1,2";
			};
			name = Debug;
		};
		93AD11D31C944200009B4EFE /* Release */ = {
			isa = XCBuildConfiguration;
			buildSettings = {
				ALWAYS_SEARCH_USER_PATHS = NO;
				CLANG_CXX_LANGUAGE_STANDARD = "gnu++0x";
				CLANG_CXX_LIBRARY = "libc++";
				CLANG_ENABLE_MODULES = YES;
				CLANG_ENABLE_OBJC_ARC = YES;
				CLANG_WARN_BOOL_CONVERSION = YES;
				CLANG_WARN_CONSTANT_CONVERSION = YES;
				CLANG_WARN_DIRECT_OBJC_ISA_USAGE = YES_ERROR;
				CLANG_WARN_EMPTY_BODY = YES;
				CLANG_WARN_ENUM_CONVERSION = YES;
				CLANG_WARN_INT_CONVERSION = YES;
				CLANG_WARN_OBJC_ROOT_CLASS = YES_ERROR;
				CLANG_WARN_UNREACHABLE_CODE = YES;
				CLANG_WARN__DUPLICATE_METHOD_MATCH = YES;
				"CODE_SIGN_IDENTITY[sdk=iphoneos*]" = "iPhone Developer";
				COPY_PHASE_STRIP = NO;
				DEBUG_INFORMATION_FORMAT = "dwarf-with-dsym";
				ENABLE_NS_ASSERTIONS = NO;
				ENABLE_STRICT_OBJC_MSGSEND = YES;
				GCC_C_LANGUAGE_STANDARD = gnu99;
				GCC_NO_COMMON_BLOCKS = YES;
				GCC_WARN_64_TO_32_BIT_CONVERSION = YES;
				GCC_WARN_ABOUT_RETURN_TYPE = YES_ERROR;
				GCC_WARN_UNDECLARED_SELECTOR = YES;
				GCC_WARN_UNINITIALIZED_AUTOS = YES_AGGRESSIVE;
				GCC_WARN_UNUSED_FUNCTION = YES;
				GCC_WARN_UNUSED_VARIABLE = YES;
				IPHONEOS_DEPLOYMENT_TARGET = 9.2;
				MTL_ENABLE_DEBUG_INFO = NO;
				SDKROOT = iphoneos;
				TARGETED_DEVICE_FAMILY = "1,2";
				VALIDATE_PRODUCT = YES;
			};
			name = Release;
		};
		93AD11D51C944200009B4EFE /* Debug */ = {
			isa = XCBuildConfiguration;
			buildSettings = {
				ASSETCATALOG_COMPILER_APPICON_NAME = AppIcon;
				INFOPLIST_FILE = FoodTracker/Info.plist;
				LD_RUNPATH_SEARCH_PATHS = "$(inherited) @executable_path/Frameworks";
				PRODUCT_BUNDLE_IDENTIFIER = edu.robotwhoelarned.self.FoodTracker;
				PRODUCT_NAME = "$(TARGET_NAME)";
			};
			name = Debug;
		};
		93AD11D61C944200009B4EFE /* Release */ = {
			isa = XCBuildConfiguration;
			buildSettings = {
				ASSETCATALOG_COMPILER_APPICON_NAME = AppIcon;
				INFOPLIST_FILE = FoodTracker/Info.plist;
				LD_RUNPATH_SEARCH_PATHS = "$(inherited) @executable_path/Frameworks";
				PRODUCT_BUNDLE_IDENTIFIER = edu.robotwhoelarned.self.FoodTracker;
				PRODUCT_NAME = "$(TARGET_NAME)";
			};
			name = Release;
		};
		93AD11D81C944200009B4EFE /* Debug */ = {
			isa = XCBuildConfiguration;
			buildSettings = {
				BUNDLE_LOADER = "$(TEST_HOST)";
				INFOPLIST_FILE = FoodTrackerTests/Info.plist;
				LD_RUNPATH_SEARCH_PATHS = "$(inherited) @executable_path/Frameworks @loader_path/Frameworks";
				PRODUCT_BUNDLE_IDENTIFIER = edu.robotwhoelarned.self.FoodTrackerTests;
				PRODUCT_NAME = "$(TARGET_NAME)";
				TEST_HOST = "$(BUILT_PRODUCTS_DIR)/FoodTracker.app/FoodTracker";
			};
			name = Debug;
		};
		93AD11D91C944200009B4EFE /* Release */ = {
			isa = XCBuildConfiguration;
			buildSettings = {
				BUNDLE_LOADER = "$(TEST_HOST)";
				INFOPLIST_FILE = FoodTrackerTests/Info.plist;
				LD_RUNPATH_SEARCH_PATHS = "$(inherited) @executable_path/Frameworks @loader_path/Frameworks";
				PRODUCT_BUNDLE_IDENTIFIER = edu.robotwhoelarned.self.FoodTrackerTests;
				PRODUCT_NAME = "$(TARGET_NAME)";
				TEST_HOST = "$(BUILT_PRODUCTS_DIR)/FoodTracker.app/FoodTracker";
			};
			name = Release;
		};
/* End XCBuildConfiguration section */

/* Begin XCConfigurationList section */
		93AD11B21C9441FF009B4EFE /* Build configuration list for PBXProject "FoodTracker" */ = {
			isa = XCConfigurationList;
			buildConfigurations = (
				93AD11D21C944200009B4EFE /* Debug */,
				93AD11D31C944200009B4EFE /* Release */,
			);
			defaultConfigurationIsVisible = 0;
			defaultConfigurationName = Release;
		};
		93AD11D41C944200009B4EFE /* Build configuration list for PBXNativeTarget "FoodTracker" */ = {
			isa = XCConfigurationList;
			buildConfigurations = (
				93AD11D51C944200009B4EFE /* Debug */,
				93AD11D61C944200009B4EFE /* Release */,
			);
			defaultConfigurationIsVisible = 0;
		};
		93AD11D71C944200009B4EFE /* Build configuration list for PBXNativeTarget "FoodTrackerTests" */ = {
			isa = XCConfigurationList;
			buildConfigurations = (
				93AD11D81C944200009B4EFE /* Debug */,
				93AD11D91C944200009B4EFE /* Release */,
			);
			defaultConfigurationIsVisible = 0;
		};
/* End XCConfigurationList section */
	};
	rootObject = 93AD11AF1C9441FF009B4EFE /* Project object */;
}
